
Microsoft Visual Studio Solution File, Format Version 11.00
# Visual Studio 2010
Project("{FAE04EC0-301F-11D3-BF4B-00C04F79EFBC}") = "RTLM.CCRM.DAL", "RTLM.CCRM.DAL\RTLM.CCRM.DAL.csproj", "{BC140666-CAF4-466D-A45D-2A49970CF5AE}"
EndProject
Project("{FAE04EC0-301F-11D3-BF4B-00C04F79EFBC}") = "RTLM.CCRM.Model", "RTLM.CCRM.Model\RTLM.CCRM.Model.csproj", "{30482E8B-44E4-48C3-844E-905AD3740A81}"
EndProject
Project("{FAE04EC0-301F-11D3-BF4B-00C04F79EFBC}") = "RTLM.CCRM.BLL", "RTLM.CCRM.BLL\RTLM.CCRM.BLL.csproj", "{5D310BE3-5972-4B31-907B-678A324D0660}"
EndProject
Project("{E24C65DC-7377-472B-9ABA-BC803B73C61A}") = "RTLM.Web", "RTLM.Web\", "{12934A7B-F5C8-4DB3-BDFB-7A9179099FBC}"
	ProjectSection(WebsiteProperties) = preProject
		TargetFrameworkMoniker = ".NETFramework,Version%3Dv4.0"
		Debug.AspNetCompiler.VirtualPath = "/RTLM.Web"
		Debug.AspNetCompiler.PhysicalPath = "RTLM.Web\"
		Debug.AspNetCompiler.TargetPath = "PrecompiledWeb\RTLM.Web\"
		Debug.AspNetCompiler.Updateable = "true"
		Debug.AspNetCompiler.ForceOverwrite = "true"
		Debug.AspNetCompiler.FixedNames = "false"
		Debug.AspNetCompiler.Debug = "True"
		Release.AspNetCompiler.VirtualPath = "/RTLM.Web"
		Release.AspNetCompiler.PhysicalPath = "RTLM.Web\"
		Release.AspNetCompiler.TargetPath = "PrecompiledWeb\RTLM.Web\"
		Release.AspNetCompiler.Updateable = "true"
		Release.AspNetCompiler.ForceOverwrite = "true"
		Release.AspNetCompiler.FixedNames = "false"
		Release.AspNetCompiler.Debug = "False"
		VWDPort = "22079"
	EndProjectSection
EndProject
Global
	GlobalSection(SolutionConfigurationPlatforms) = preSolution
		Debug|Any CPU = Debug|Any CPU
		Release|Any CPU = Release|Any CPU
	EndGlobalSection
	GlobalSection(ProjectConfigurationPlatforms) = postSolution
		{BC140666-CAF4-466D-A45D-2A49970CF5AE}.Debug|Any CPU.ActiveCfg = Debug|Any CPU
		{BC140666-CAF4-466D-A45D-2A49970CF5AE}.Debug|Any CPU.Build.0 = Debug|Any CPU
		{BC140666-CAF4-466D-A45D-2A49970CF5AE}.Release|Any CPU.ActiveCfg = Release|Any CPU
		{BC140666-CAF4-466D-A45D-2A49970CF5AE}.Release|Any CPU.Build.0 = Release|Any CPU
		{30482E8B-44E4-48C3-844E-905AD3740A81}.Debug|Any CPU.ActiveCfg = Debug|Any CPU
		{30482E8B-44E4-48C3-844E-905AD3740A81}.Debug|Any CPU.Build.0 = Debug|Any CPU
		{30482E8B-44E4-48C3-844E-905AD3740A81}.Release|Any CPU.ActiveCfg = Release|Any CPU
		{30482E8B-44E4-48C3-844E-905AD3740A81}.Release|Any CPU.Build.0 = Release|Any CPU
		{5D310BE3-5972-4B31-907B-678A324D0660}.Debug|Any CPU.ActiveCfg = Debug|Any CPU
		{5D310BE3-5972-4B31-907B-678A324D0660}.Debug|Any CPU.Build.0 = Debug|Any CPU
		{5D310BE3-5972-4B31-907B-678A324D0660}.Release|Any CPU.ActiveCfg = Release|Any CPU
		{5D310BE3-5972-4B31-907B-678A324D0660}.Release|Any CPU.Build.0 = Release|Any CPU
		{12934A7B-F5C8-4DB3-BDFB-7A9179099FBC}.Debug|Any CPU.ActiveCfg = Debug|Any CPU
		{12934A7B-F5C8-4DB3-BDFB-7A9179099FBC}.Debug|Any CPU.Build.0 = Debug|Any CPU
		{12934A7B-F5C8-4DB3-BDFB-7A9179099FBC}.Release|Any CPU.ActiveCfg = Debug|Any CPU
		{12934A7B-F5C8-4DB3-BDFB-7A9179099FBC}.Release|Any CPU.Build.0 = Debug|Any CPU
	EndGlobalSection
	GlobalSection(SolutionProperties) = preSolution
		HideSolutionNode = FALSE
	EndGlobalSection
EndGlobal
